
Microsoft Visual Studio Solution File, Format Version 12.00
# Visual Studio Version 17
VisualStudioVersion = 17.5.002.0
MinimumVisualStudioVersion = 10.0.40219.1
Project("{9A19103F-16F7-4668-BE54-9A1E7A4F7556}") = "TestJsonCustomConverter", "TestJsonCustomConverter.csproj", "{D8E2A9B3-3B21-4243-85BF-B3EEF26CBD0C}"
EndProject
Global
	GlobalSection(SolutionConfigurationPlatforms) = preSolution
		Debug|Any CPU = Debug|Any CPU
		Release|Any CPU = Release|Any CPU
	EndGlobalSection
	GlobalSection(ProjectConfigurationPlatforms) = postSolution
		{D8E2A9B3-3B21-4243-85BF-B3EEF26CBD0C}.Debug|Any CPU.ActiveCfg = Debug|Any CPU
		{D8E2A9B3-3B21-4243-85BF-B3EEF26CBD0C}.Debug|Any CPU.Build.0 = Debug|Any CPU
		{D8E2A9B3-3B21-4243-85BF-B3EEF26CBD0C}.Release|Any CPU.ActiveCfg = Release|Any CPU
		{D8E2A9B3-3B21-4243-85BF-B3EEF26CBD0C}.Release|Any CPU.Build.0 = Release|Any CPU
	EndGlobalSection
	GlobalSection(SolutionProperties) = preSolution
		HideSolutionNode = FALSE
	EndGlobalSection
	GlobalSection(ExtensibilityGlobals) = postSolution
		SolutionGuid = {A51F692C-0B83-4879-BF25-E770A1BA67F2}
	EndGlobalSection
EndGlobal
